
Microsoft Visual Studio Solution File, Format Version 12.00
# Visual Studio 2013
VisualStudioVersion = 12.0.30501.0
MinimumVisualStudioVersion = 10.0.40219.1
Project("{FAE04EC0-301F-11D3-BF4B-00C04F79EFBC}") = "TestConsole", "TestConsole\TestConsole.csproj", "{04E0E6A8-6EA8-4F3C-AE27-2142BAE22F27}"
EndProject
Project("{2150E333-8FDC-42A3-9474-1A3956D46DE8}") = "Doc", "Doc", "{09966C65-3C23-4312-B09F-9FF110724E45}"
	ProjectSection(SolutionItems) = preProject
		..\Doc\Index.html = ..\Doc\Index.html
	EndProjectSection
EndProject
Project("{2150E333-8FDC-42A3-9474-1A3956D46DE8}") = "Design", "Design", "{F284A04A-2442-4CBD-A6BE-C7D08D92BD0D}"
EndProject
Project("{2150E333-8FDC-42A3-9474-1A3956D46DE8}") = "Image", "Image", "{3776E3FE-EFB3-4249-84A4-5AA98956178C}"
	ProjectSection(SolutionItems) = preProject
		..\Doc\Design\Image\GeneralFlowChart-CallServiceComponent.PNG = ..\Doc\Design\Image\GeneralFlowChart-CallServiceComponent.PNG
		..\Doc\Design\Image\GeneralFlowChart-ComposeHandlerURL.PNG = ..\Doc\Design\Image\GeneralFlowChart-ComposeHandlerURL.PNG
		..\Doc\Design\Image\GeneralFlowChart-RouteHandler.PNG = ..\Doc\Design\Image\GeneralFlowChart-RouteHandler.PNG
		..\Doc\Design\Image\Package_Dependency.PNG = ..\Doc\Design\Image\Package_Dependency.PNG
		..\Doc\Design\Image\Subpackages.PNG = ..\Doc\Design\Image\Subpackages.PNG
	EndProjectSection
EndProject
Project("{2150E333-8FDC-42A3-9474-1A3956D46DE8}") = "Stuff", "Stuff", "{0E061C2B-1857-4CB6-9D39-994CF228F116}"
	ProjectSection(SolutionItems) = preProject
		..\Doc\Design\Stuff\Handling_Design.vsd = ..\Doc\Design\Stuff\Handling_Design.vsd
	EndProjectSection
EndProject
Project("{2150E333-8FDC-42A3-9474-1A3956D46DE8}") = "Common", "Common", "{D25C23AF-A950-4553-98C8-A53487842E56}"
EndProject
Project("{2150E333-8FDC-42A3-9474-1A3956D46DE8}") = "Image", "Image", "{F1FA2B86-D896-408E-A156-EEF71D4F58EF}"
	ProjectSection(SolutionItems) = preProject
		..\Doc\Common\Image\ImageSprite.png = ..\Doc\Common\Image\ImageSprite.png
	EndProjectSection
EndProject
Global
	GlobalSection(SolutionConfigurationPlatforms) = preSolution
		Debug|Any CPU = Debug|Any CPU
		Release|Any CPU = Release|Any CPU
	EndGlobalSection
	GlobalSection(ProjectConfigurationPlatforms) = postSolution
		{04E0E6A8-6EA8-4F3C-AE27-2142BAE22F27}.Debug|Any CPU.ActiveCfg = Debug|Any CPU
		{04E0E6A8-6EA8-4F3C-AE27-2142BAE22F27}.Debug|Any CPU.Build.0 = Debug|Any CPU
		{04E0E6A8-6EA8-4F3C-AE27-2142BAE22F27}.Release|Any CPU.ActiveCfg = Release|Any CPU
		{04E0E6A8-6EA8-4F3C-AE27-2142BAE22F27}.Release|Any CPU.Build.0 = Release|Any CPU
	EndGlobalSection
	GlobalSection(SolutionProperties) = preSolution
		HideSolutionNode = FALSE
	EndGlobalSection
	GlobalSection(NestedProjects) = preSolution
		{F284A04A-2442-4CBD-A6BE-C7D08D92BD0D} = {09966C65-3C23-4312-B09F-9FF110724E45}
		{3776E3FE-EFB3-4249-84A4-5AA98956178C} = {F284A04A-2442-4CBD-A6BE-C7D08D92BD0D}
		{0E061C2B-1857-4CB6-9D39-994CF228F116} = {F284A04A-2442-4CBD-A6BE-C7D08D92BD0D}
		{D25C23AF-A950-4553-98C8-A53487842E56} = {09966C65-3C23-4312-B09F-9FF110724E45}
		{F1FA2B86-D896-408E-A156-EEF71D4F58EF} = {D25C23AF-A950-4553-98C8-A53487842E56}
	EndGlobalSection
EndGlobal
